// !$*UTF8*$!
{
	archiveVersion = 1;
	classes = {
	};
	objectVersion = 56;
	objects = {

/* Begin PBXBuildFile section */
		3748902F29AF7CBF000A485F /* EarthquakeViewModel.swift in Sources */ = {isa = PBXBuildFile; fileRef = 3748902E29AF7CBF000A485F /* EarthquakeViewModel.swift */; };
		3748903129AF8B6A000A485F /* EarthquakeBottomSheetView.swift in Sources */ = {isa = PBXBuildFile; fileRef = 3748903029AF8B6A000A485F /* EarthquakeBottomSheetView.swift */; };
		3748903329AF8D6F000A485F /* City.swift in Sources */ = {isa = PBXBuildFile; fileRef = 3748903229AF8D6F000A485F /* City.swift */; };
		3748903729AF929A000A485F /* main.png in Resources */ = {isa = PBXBuildFile; fileRef = 3748903529AF929A000A485F /* main.png */; };
		3748903829AF929A000A485F /* main_datepicker.png in Resources */ = {isa = PBXBuildFile; fileRef = 3748903629AF929A000A485F /* main_datepicker.png */; };
		3758869529A5093F00A5FAF2 /* EarthquakeApp.swift in Sources */ = {isa = PBXBuildFile; fileRef = 3758869429A5093F00A5FAF2 /* EarthquakeApp.swift */; };
		3758869729A5093F00A5FAF2 /* ContentView.swift in Sources */ = {isa = PBXBuildFile; fileRef = 3758869629A5093F00A5FAF2 /* ContentView.swift */; };
		3758869929A5094100A5FAF2 /* Assets.xcassets in Resources */ = {isa = PBXBuildFile; fileRef = 3758869829A5094100A5FAF2 /* Assets.xcassets */; };
		3758869C29A5094100A5FAF2 /* Preview Assets.xcassets in Resources */ = {isa = PBXBuildFile; fileRef = 3758869B29A5094100A5FAF2 /* Preview Assets.xcassets */; };
		375886A629A8DBAA00A5FAF2 /* Earthquake.swift in Sources */ = {isa = PBXBuildFile; fileRef = 375886A529A8DBAA00A5FAF2 /* Earthquake.swift */; };
		375886A829A8DBE200A5FAF2 /* MapView.swift in Sources */ = {isa = PBXBuildFile; fileRef = 375886A729A8DBE200A5FAF2 /* MapView.swift */; };
		375886AA29A8DC5D00A5FAF2 /* EarthquakeRow.swift in Sources */ = {isa = PBXBuildFile; fileRef = 375886A929A8DC5D00A5FAF2 /* EarthquakeRow.swift */; };
/* End PBXBuildFile section */

/* Begin PBXFileReference section */
		3748902E29AF7CBF000A485F /* EarthquakeViewModel.swift */ = {isa = PBXFileReference; lastKnownFileType = sourcecode.swift; path = EarthquakeViewModel.swift; sourceTree = "<group>"; };
		3748903029AF8B6A000A485F /* EarthquakeBottomSheetView.swift */ = {isa = PBXFileReference; lastKnownFileType = sourcecode.swift; path = EarthquakeBottomSheetView.swift; sourceTree = "<group>"; };
		3748903229AF8D6F000A485F /* City.swift */ = {isa = PBXFileReference; lastKnownFileType = sourcecode.swift; path = City.swift; sourceTree = "<group>"; };
		3748903529AF929A000A485F /* main.png */ = {isa = PBXFileReference; lastKnownFileType = image.png; path = main.png; sourceTree = "<group>"; };
		3748903629AF929A000A485F /* main_datepicker.png */ = {isa = PBXFileReference; lastKnownFileType = image.png; path = main_datepicker.png; sourceTree = "<group>"; };
		3758869129A5093F00A5FAF2 /* Earthquake.app */ = {isa = PBXFileReference; explicitFileType = wrapper.application; includeInIndex = 0; path = Earthquake.app; sourceTree = BUILT_PRODUCTS_DIR; };
		3758869429A5093F00A5FAF2 /* EarthquakeApp.swift */ = {isa = PBXFileReference; lastKnownFileType = sourcecode.swift; path = EarthquakeApp.swift; sourceTree = "<group>"; };
		3758869629A5093F00A5FAF2 /* ContentView.swift */ = {isa = PBXFileReference; lastKnownFileType = sourcecode.swift; path = ContentView.swift; sourceTree = "<group>"; };
		3758869829A5094100A5FAF2 /* Assets.xcassets */ = {isa = PBXFileReference; lastKnownFileType = folder.assetcatalog; path = Assets.xcassets; sourceTree = "<group>"; };
		3758869B29A5094100A5FAF2 /* Preview Assets.xcassets */ = {isa = PBXFileReference; lastKnownFileType = folder.assetcatalog; path = "Preview Assets.xcassets"; sourceTree = "<group>"; };
		375886A229A7E71800A5FAF2 /* Info.plist */ = {isa = PBXFileReference; lastKnownFileType = text.plist; path = Info.plist; sourceTree = "<group>"; };
		375886A529A8DBAA00A5FAF2 /* Earthquake.swift */ = {isa = PBXFileReference; lastKnownFileType = sourcecode.swift; path = Earthquake.swift; sourceTree = "<group>"; };
		375886A729A8DBE200A5FAF2 /* MapView.swift */ = {isa = PBXFileReference; lastKnownFileType = sourcecode.swift; path = MapView.swift; sourceTree = "<group>"; };
		375886A929A8DC5D00A5FAF2 /* EarthquakeRow.swift */ = {isa = PBXFileReference; lastKnownFileType = sourcecode.swift; path = EarthquakeRow.swift; sourceTree = "<group>"; };
/* End PBXFileReference section */

/* Begin PBXFrameworksBuildPhase section */
		3758868E29A5093F00A5FAF2 /* Frameworks */ = {
			isa = PBXFrameworksBuildPhase;
			buildActionMask = 2147483647;
			files = (
			);
			runOnlyForDeploymentPostprocessing = 0;
		};
/* End PBXFrameworksBuildPhase section */

/* Begin PBXGroup section */
		3748902D29AF7CB0000A485F /* ViewModel */ = {
			isa = PBXGroup;
			children = (
				3748902E29AF7CBF000A485F /* EarthquakeViewModel.swift */,
			);
			path = ViewModel;
			sourceTree = "<group>";
		};
		3748903429AF928D000A485F /* images */ = {
			isa = PBXGroup;
			children = (
				3748903629AF929A000A485F /* main_datepicker.png */,
				3748903529AF929A000A485F /* main.png */,
			);
			path = images;
			sourceTree = "<group>";
		};
		3758868829A5093F00A5FAF2 = {
			isa = PBXGroup;
			children = (
				3758869329A5093F00A5FAF2 /* Earthquake */,
				3758869229A5093F00A5FAF2 /* Products */,
			);
			sourceTree = "<group>";
		};
		3758869229A5093F00A5FAF2 /* Products */ = {
			isa = PBXGroup;
			children = (
				3758869129A5093F00A5FAF2 /* Earthquake.app */,
			);
			name = Products;
			sourceTree = "<group>";
		};
		3758869329A5093F00A5FAF2 /* Earthquake */ = {
			isa = PBXGroup;
			children = (
				3748903429AF928D000A485F /* images */,
				3748902D29AF7CB0000A485F /* ViewModel */,
				375886A429A8DB9C00A5FAF2 /* Model */,
				375886A329A8DB9400A5FAF2 /* View */,
				375886A229A7E71800A5FAF2 /* Info.plist */,
				3758869429A5093F00A5FAF2 /* EarthquakeApp.swift */,
				3758869829A5094100A5FAF2 /* Assets.xcassets */,
				3758869A29A5094100A5FAF2 /* Preview Content */,
			);
			path = Earthquake;
			sourceTree = "<group>";
		};
		3758869A29A5094100A5FAF2 /* Preview Content */ = {
			isa = PBXGroup;
			children = (
				3758869B29A5094100A5FAF2 /* Preview Assets.xcassets */,
			);
			path = "Preview Content";
			sourceTree = "<group>";
		};
		375886A329A8DB9400A5FAF2 /* View */ = {
			isa = PBXGroup;
			children = (
				3758869629A5093F00A5FAF2 /* ContentView.swift */,
				375886A729A8DBE200A5FAF2 /* MapView.swift */,
				375886A929A8DC5D00A5FAF2 /* EarthquakeRow.swift */,
				3748903029AF8B6A000A485F /* EarthquakeBottomSheetView.swift */,
			);
			path = View;
			sourceTree = "<group>";
		};
		375886A429A8DB9C00A5FAF2 /* Model */ = {
			isa = PBXGroup;
			children = (
				375886A529A8DBAA00A5FAF2 /* Earthquake.swift */,
				3748903229AF8D6F000A485F /* City.swift */,
			);
			path = Model;
			sourceTree = "<group>";
		};
/* End PBXGroup section */

/* Begin PBXNativeTarget section */
		3758869029A5093F00A5FAF2 /* Earthquake */ = {
			isa = PBXNativeTarget;
			buildConfigurationList = 3758869F29A5094100A5FAF2 /* Build configuration list for PBXNativeTarget "Earthquake" */;
			buildPhases = (
				3758868D29A5093F00A5FAF2 /* Sources */,
				3758868E29A5093F00A5FAF2 /* Frameworks */,
				3758868F29A5093F00A5FAF2 /* Resources */,
			);
			buildRules = (
			);
			dependencies = (
			);
			name = Earthquake;
			productName = Earthquake;
			productReference = 3758869129A5093F00A5FAF2 /* Earthquake.app */;
			productType = "com.apple.product-type.application";
		};
/* End PBXNativeTarget section */

/* Begin PBXProject section */
		3758868929A5093F00A5FAF2 /* Project object */ = {
			isa = PBXProject;
			attributes = {
				BuildIndependentTargetsInParallel = 1;
				LastSwiftUpdateCheck = 1420;
				LastUpgradeCheck = 1420;
				TargetAttributes = {
					3758869029A5093F00A5FAF2 = {
						CreatedOnToolsVersion = 14.2;
					};
				};
			};
			buildConfigurationList = 3758868C29A5093F00A5FAF2 /* Build configuration list for PBXProject "Earthquake" */;
			compatibilityVersion = "Xcode 14.0";
			developmentRegion = en;
			hasScannedForEncodings = 0;
			knownRegions = (
				en,
				Base,
			);
			mainGroup = 3758868829A5093F00A5FAF2;
			productRefGroup = 3758869229A5093F00A5FAF2 /* Products */;
			projectDirPath = "";
			projectRoot = "";
			targets = (
				3758869029A5093F00A5FAF2 /* Earthquake */,
			);
		};
/* End PBXProject section */

/* Begin PBXResourcesBuildPhase section */
		3758868F29A5093F00A5FAF2 /* Resources */ = {
			isa = PBXResourcesBuildPhase;
			buildActionMask = 2147483647;
			files = (
				3758869C29A5094100A5FAF2 /* Preview Assets.xcassets in Resources */,
				3758869929A5094100A5FAF2 /* Assets.xcassets in Resources */,
				3748903829AF929A000A485F /* main_datepicker.png in Resources */,
				3748903729AF929A000A485F /* main.png in Resources */,
			);
			runOnlyForDeploymentPostprocessing = 0;
		};
/* End PBXResourcesBuildPhase section */

/* Begin PBXSourcesBuildPhase section */
		3758868D29A5093F00A5FAF2 /* Sources */ = {
			isa = PBXSourcesBuildPhase;
			buildActionMask = 2147483647;
			files = (
				375886AA29A8DC5D00A5FAF2 /* EarthquakeRow.swift in Sources */,
				3748902F29AF7CBF000A485F /* EarthquakeViewModel.swift in Sources */,
				3758869729A5093F00A5FAF2 /* ContentView.swift in Sources */,
				375886A829A8DBE200A5FAF2 /* MapView.swift in Sources */,
				3748903129AF8B6A000A485F /* EarthquakeBottomSheetView.swift in Sources */,
				375886A629A8DBAA00A5FAF2 /* Earthquake.swift in Sources */,
				3748903329AF8D6F000A485F /* City.swift in Sources */,
				3758869529A5093F00A5FAF2 /* EarthquakeApp.swift in Sources */,
			);
			runOnlyForDeploymentPostprocessing = 0;
		};
/* End PBXSourcesBuildPhase section */

/* Begin XCBuildConfiguration section */
		3758869D29A5094100A5FAF2 /* Debug */ = {
			isa = XCBuildConfiguration;
			buildSettings = {
				ALWAYS_SEARCH_USER_PATHS = NO;
				CLANG_ANALYZER_NONNULL = YES;
				CLANG_ANALYZER_NUMBER_OBJECT_CONVERSION = YES_AGGRESSIVE;
				CLANG_CXX_LANGUAGE_STANDARD = "gnu++20";
				CLANG_ENABLE_MODULES = YES;
				CLANG_ENABLE_OBJC_ARC = YES;
				CLANG_ENABLE_OBJC_WEAK = YES;
				CLANG_WARN_BLOCK_CAPTURE_AUTORELEASING = YES;
				CLANG_WARN_BOOL_CONVERSION = YES;
				CLANG_WARN_COMMA = YES;
				CLANG_WARN_CONSTANT_CONVERSION = YES;
				CLANG_WARN_DEPRECATED_OBJC_IMPLEMENTATIONS = YES;
				CLANG_WARN_DIRECT_OBJC_ISA_USAGE = YES_ERROR;
				CLANG_WARN_DOCUMENTATION_COMMENTS = YES;
				CLANG_WARN_EMPTY_BODY = YES;
				CLANG_WARN_ENUM_CONVERSION = YES;
				CLANG_WARN_INFINITE_RECURSION = YES;
				CLANG_WARN_INT_CONVERSION = YES;
				CLANG_WARN_NON_LITERAL_NULL_CONVERSION = YES;
				CLANG_WARN_OBJC_IMPLICIT_RETAIN_SELF = YES;
				CLANG_WARN_OBJC_LITERAL_CONVERSION = YES;
				CLANG_WARN_OBJC_ROOT_CLASS = YES_ERROR;
				CLANG_WARN_QUOTED_INCLUDE_IN_FRAMEWORK_HEADER = YES;
				CLANG_WARN_RANGE_LOOP_ANALYSIS = YES;
				CLANG_WARN_STRICT_PROTOTYPES = YES;
				CLANG_WARN_SUSPICIOUS_MOVE = YES;
				CLANG_WARN_UNGUARDED_AVAILABILITY = YES_AGGRESSIVE;
				CLANG_WARN_UNREACHABLE_CODE = YES;
				CLANG_WARN__DUPLICATE_METHOD_MATCH = YES;
				COPY_PHASE_STRIP = NO;
				DEBUG_INFORMATION_FORMAT = dwarf;
				ENABLE_STRICT_OBJC_MSGSEND = YES;
				ENABLE_TESTABILITY = YES;
				GCC_C_LANGUAGE_STANDARD = gnu11;
				GCC_DYNAMIC_NO_PIC = NO;
				GCC_NO_COMMON_BLOCKS = YES;
				GCC_OPTIMIZATION_LEVEL = 0;
				GCC_PREPROCESSOR_DEFINITIONS = (
					"DEBUG=1",
					"$(inherited)",
				);
				GCC_WARN_64_TO_32_BIT_CONVERSION = YES;
				GCC_WARN_ABOUT_RETURN_TYPE = YES_ERROR;
				GCC_WARN_UNDECLARED_SELECTOR = YES;
				GCC_WARN_UNINITIALIZED_AUTOS = YES_AGGRESSIVE;
				GCC_WARN_UNUSED_FUNCTION = YES;
				GCC_WARN_UNUSED_VARIABLE = YES;
				IPHONEOS_DEPLOYMENT_TARGET = 16.2;
				MTL_ENABLE_DEBUG_INFO = INCLUDE_SOURCE;
				MTL_FAST_MATH = YES;
				ONLY_ACTIVE_ARCH = YES;
				SDKROOT = iphoneos;
				SWIFT_ACTIVE_COMPILATION_CONDITIONS = DEBUG;
				SWIFT_OPTIMIZATION_LEVEL = "-Onone";
			};
			name = Debug;
		};
		3758869E29A5094100A5FAF2 /* Release */ = {
			isa = XCBuildConfiguration;
			buildSettings = {
				ALWAYS_SEARCH_USER_PATHS = NO;
				CLANG_ANALYZER_NONNULL = YES;
				CLANG_ANALYZER_NUMBER_OBJECT_CONVERSION = YES_AGGRESSIVE;
				CLANG_CXX_LANGUAGE_STANDARD = "gnu++20";
				CLANG_ENABLE_MODULES = YES;
				CLANG_ENABLE_OBJC_ARC = YES;
				CLANG_ENABLE_OBJC_WEAK = YES;
				CLANG_WARN_BLOCK_CAPTURE_AUTORELEASING = YES;
				CLANG_WARN_BOOL_CONVERSION = YES;
				CLANG_WARN_COMMA = YES;
				CLANG_WARN_CONSTANT_CONVERSION = YES;
				CLANG_WARN_DEPRECATED_OBJC_IMPLEMENTATIONS = YES;
				CLANG_WARN_DIRECT_OBJC_ISA_USAGE = YES_ERROR;
				CLANG_WARN_DOCUMENTATION_COMMENTS = YES;
				CLANG_WARN_EMPTY_BODY = YES;
				CLANG_WARN_ENUM_CONVERSION = YES;
				CLANG_WARN_INFINITE_RECURSION = YES;
				CLANG_WARN_INT_CONVERSION = YES;
				CLANG_WARN_NON_LITERAL_NULL_CONVERSION = YES;
				CLANG_WARN_OBJC_IMPLICIT_RETAIN_SELF = YES;
				CLANG_WARN_OBJC_LITERAL_CONVERSION = YES;
				CLANG_WARN_OBJC_ROOT_CLASS = YES_ERROR;
				CLANG_WARN_QUOTED_INCLUDE_IN_FRAMEWORK_HEADER = YES;
				CLANG_WARN_RANGE_LOOP_ANALYSIS = YES;
				CLANG_WARN_STRICT_PROTOTYPES = YES;
				CLANG_WARN_SUSPICIOUS_MOVE = YES;
				CLANG_WARN_UNGUARDED_AVAILABILITY = YES_AGGRESSIVE;
				CLANG_WARN_UNREACHABLE_CODE = YES;
				CLANG_WARN__DUPLICATE_METHOD_MATCH = YES;
				COPY_PHASE_STRIP = NO;
				DEBUG_INFORMATION_FORMAT = "dwarf-with-dsym";
				ENABLE_NS_ASSERTIONS = NO;
				ENABLE_STRICT_OBJC_MSGSEND = YES;
				GCC_C_LANGUAGE_STANDARD = gnu11;
				GCC_NO_COMMON_BLOCKS = YES;
				GCC_WARN_64_TO_32_BIT_CONVERSION = YES;
				GCC_WARN_ABOUT_RETURN_TYPE = YES_ERROR;
				GCC_WARN_UNDECLARED_SELECTOR = YES;
				GCC_WARN_UNINITIALIZED_AUTOS = YES_AGGRESSIVE;
				GCC_WARN_UNUSED_FUNCTION = YES;
				GCC_WARN_UNUSED_VARIABLE = YES;
				IPHONEOS_DEPLOYMENT_TARGET = 16.2;
				MTL_ENABLE_DEBUG_INFO = NO;
				MTL_FAST_MATH = YES;
				SDKROOT = iphoneos;
				SWIFT_COMPILATION_MODE = wholemodule;
				SWIFT_OPTIMIZATION_LEVEL = "-O";
				VALIDATE_PRODUCT = YES;
			};
			name = Release;
		};
		375886A029A5094100A5FAF2 /* Debug */ = {
			isa = XCBuildConfiguration;
			buildSettings = {
				ASSETCATALOG_COMPILER_APPICON_NAME = AppIcon;
				ASSETCATALOG_COMPILER_GLOBAL_ACCENT_COLOR_NAME = AccentColor;
				CODE_SIGN_STYLE = Automatic;
				CURRENT_PROJECT_VERSION = 1;
				DEVELOPMENT_ASSET_PATHS = "\"Earthquake/Preview Content\"";
				DEVELOPMENT_TEAM = QJ8CH2FEPT;
				ENABLE_PREVIEWS = YES;
				GENERATE_INFOPLIST_FILE = YES;
				INFOPLIST_FILE = Earthquake/Info.plist;
				INFOPLIST_KEY_UIApplicationSupportsIndirectInputEvents = YES;
				INFOPLIST_KEY_UILaunchScreen_Generation = YES;
				INFOPLIST_KEY_UISupportedInterfaceOrientations_iPad = "UIInterfaceOrientationPortrait UIInterfaceOrientationPortraitUpsideDown UIInterfaceOrientationLandscapeLeft UIInterfaceOrientationLandscapeRight";
				INFOPLIST_KEY_UISupportedInterfaceOrientations_iPhone = "UIInterfaceOrientationPortrait UIInterfaceOrientationLandscapeLeft UIInterfaceOrientationLandscapeRight";
				LD_RUNPATH_SEARCH_PATHS = (
					"$(inherited)",
					"@executable_path/Frameworks",
				);
				MARKETING_VERSION = 1.0;
				PRODUCT_BUNDLE_IDENTIFIER = com.gokhanseckin.Earthquake;
				PRODUCT_NAME = "$(TARGET_NAME)";
				SWIFT_EMIT_LOC_STRINGS = YES;
				SWIFT_VERSION = 5.0;
				TARGETED_DEVICE_FAMILY = "1,2";
			};
			name = Debug;
		};
		375886A129A5094100A5FAF2 /* Release */ = {
			isa = XCBuildConfiguration;
			buildSettings = {
				ASSETCATALOG_COMPILER_APPICON_NAME = AppIcon;
				ASSETCATALOG_COMPILER_GLOBAL_ACCENT_COLOR_NAME = AccentColor;
				CODE_SIGN_STYLE = Automatic;
				CURRENT_PROJECT_VERSION = 1;
				DEVELOPMENT_ASSET_PATHS = "\"Earthquake/Preview Content\"";
				DEVELOPMENT_TEAM = QJ8CH2FEPT;
				ENABLE_PREVIEWS = YES;
				GENERATE_INFOPLIST_FILE = YES;
				INFOPLIST_FILE = Earthquake/Info.plist;
				INFOPLIST_KEY_UIApplicationSupportsIndirectInputEvents = YES;
				INFOPLIST_KEY_UILaunchScreen_Generation = YES;
				INFOPLIST_KEY_UISupportedInterfaceOrientations_iPad = "UIInterfaceOrientationPortrait UIInterfaceOrientationPortraitUpsideDown UIInterfaceOrientationLandscapeLeft UIInterfaceOrientationLandscapeRight";
				INFOPLIST_KEY_UISupportedInterfaceOrientations_iPhone = "UIInterfaceOrientationPortrait UIInterfaceOrientationLandscapeLeft UIInterfaceOrientationLandscapeRight";
				LD_RUNPATH_SEARCH_PATHS = (
					"$(inherited)",
					"@executable_path/Frameworks",
				);
				MARKETING_VERSION = 1.0;
				PRODUCT_BUNDLE_IDENTIFIER = com.gokhanseckin.Earthquake;
				PRODUCT_NAME = "$(TARGET_NAME)";
				SWIFT_EMIT_LOC_STRINGS = YES;
				SWIFT_VERSION = 5.0;
				TARGETED_DEVICE_FAMILY = "1,2";
			};
			name = Release;
		};
/* End XCBuildConfiguration section */

/* Begin XCConfigurationList section */
		3758868C29A5093F00A5FAF2 /* Build configuration list for PBXProject "Earthquake" */ = {
			isa = XCConfigurationList;
			buildConfigurations = (
				3758869D29A5094100A5FAF2 /* Debug */,
				3758869E29A5094100A5FAF2 /* Release */,
			);
			defaultConfigurationIsVisible = 0;
			defaultConfigurationName = Release;
		};
		3758869F29A5094100A5FAF2 /* Build configuration list for PBXNativeTarget "Earthquake" */ = {
			isa = XCConfigurationList;
			buildConfigurations = (
				375886A029A5094100A5FAF2 /* Debug */,
				375886A129A5094100A5FAF2 /* Release */,
			);
			defaultConfigurationIsVisible = 0;
			defaultConfigurationName = Release;
		};
/* End XCConfigurationList section */
	};
	rootObject = 3758868929A5093F00A5FAF2 /* Project object */;
}
